
Microsoft Visual Studio Solution File, Format Version 12.00
# Visual Studio Version 17
VisualStudioVersion = 17.7.34031.279
MinimumVisualStudioVersion = 10.0.40219.1
Project("{FAE04EC0-301F-11D3-BF4B-00C04F79EFBC}") = "ASP.NETCore_Assignment-3", "ASP.NETCore_Assignment-3\ASP.NETCore_Assignment-3.csproj", "{BA2196D1-DFEE-44F3-8F66-B90CA3837B12}"
EndProject
Global
	GlobalSection(SolutionConfigurationPlatforms) = preSolution
		Debug|Any CPU = Debug|Any CPU
		Release|Any CPU = Release|Any CPU
	EndGlobalSection
	GlobalSection(ProjectConfigurationPlatforms) = postSolution
		{BA2196D1-DFEE-44F3-8F66-B90CA3837B12}.Debug|Any CPU.ActiveCfg = Debug|Any CPU
		{BA2196D1-DFEE-44F3-8F66-B90CA3837B12}.Debug|Any CPU.Build.0 = Debug|Any CPU
		{BA2196D1-DFEE-44F3-8F66-B90CA3837B12}.Release|Any CPU.ActiveCfg = Release|Any CPU
		{BA2196D1-DFEE-44F3-8F66-B90CA3837B12}.Release|Any CPU.Build.0 = Release|Any CPU
	EndGlobalSection
	GlobalSection(SolutionProperties) = preSolution
		HideSolutionNode = FALSE
	EndGlobalSection
	GlobalSection(ExtensibilityGlobals) = postSolution
		SolutionGuid = {FAA7E9A0-96D1-4D77-950D-14ABB35D3A3D}
	EndGlobalSection
EndGlobal
