
Microsoft Visual Studio Solution File, Format Version 12.00
# Visual Studio Version 17
VisualStudioVersion = 17.7.34031.279
MinimumVisualStudioVersion = 10.0.40219.1
Project("{9A19103F-16F7-4668-BE54-9A1E7A4F7556}") = "RajakazmiA3", "RajakazmiA3.csproj", "{3A8F3B10-0487-4E65-A884-047146A2D23B}"
EndProject
Global
	GlobalSection(SolutionConfigurationPlatforms) = preSolution
		Debug|Any CPU = Debug|Any CPU
		Release|Any CPU = Release|Any CPU
	EndGlobalSection
	GlobalSection(ProjectConfigurationPlatforms) = postSolution
		{3A8F3B10-0487-4E65-A884-047146A2D23B}.Debug|Any CPU.ActiveCfg = Debug|Any CPU
		{3A8F3B10-0487-4E65-A884-047146A2D23B}.Debug|Any CPU.Build.0 = Debug|Any CPU
		{3A8F3B10-0487-4E65-A884-047146A2D23B}.Release|Any CPU.ActiveCfg = Release|Any CPU
		{3A8F3B10-0487-4E65-A884-047146A2D23B}.Release|Any CPU.Build.0 = Release|Any CPU
	EndGlobalSection
	GlobalSection(SolutionProperties) = preSolution
		HideSolutionNode = FALSE
	EndGlobalSection
	GlobalSection(ExtensibilityGlobals) = postSolution
		SolutionGuid = {344075A6-4A12-4729-BC48-B98C0D873EC0}
	EndGlobalSection
EndGlobal
